Microsoft Visual Studio Solution File, Format Version 12.00
# Visual Studio 2012
Project("{E639605B-CFEC-442C-2EE3-55761F841697}") = "twinstick", "Assembly-CSharp-firstpass.csproj", "{2783F948-EEBB-CC35-482A-6CF3906A857E}"
EndProject
Project("{E639605B-CFEC-442C-2EE3-55761F841697}") = "twinstick", "Assembly-CSharp.csproj", "{19FF1383-44FF-5E71-6C68-8616EBF5D85C}"
EndProject
Project("{E639605B-CFEC-442C-2EE3-55761F841697}") = "twinstick", "Assembly-CSharp-Editor.csproj", "{7FA5C6DD-8EBD-BAEA-83DA-A79FF6FB5DA0}"
EndProject
Global
	GlobalSection(SolutionConfigurationPlatforms) = preSolution
		Debug|Any CPU = Debug|Any CPU
		Release|Any CPU = Release|Any CPU
	EndGlobalSection
	GlobalSection(ProjectConfigurationPlatforms) = postSolution
		{2783F948-EEBB-CC35-482A-6CF3906A857E}.Debug|Any CPU.ActiveCfg = Debug|Any CPU
		{2783F948-EEBB-CC35-482A-6CF3906A857E}.Debug|Any CPU.Build.0 = Debug|Any CPU
		{2783F948-EEBB-CC35-482A-6CF3906A857E}.Release|Any CPU.ActiveCfg = Release|Any CPU
		{2783F948-EEBB-CC35-482A-6CF3906A857E}.Release|Any CPU.Build.0 = Release|Any CPU
		{19FF1383-44FF-5E71-6C68-8616EBF5D85C}.Debug|Any CPU.ActiveCfg = Debug|Any CPU
		{19FF1383-44FF-5E71-6C68-8616EBF5D85C}.Debug|Any CPU.Build.0 = Debug|Any CPU
		{19FF1383-44FF-5E71-6C68-8616EBF5D85C}.Release|Any CPU.ActiveCfg = Release|Any CPU
		{19FF1383-44FF-5E71-6C68-8616EBF5D85C}.Release|Any CPU.Build.0 = Release|Any CPU
		{7FA5C6DD-8EBD-BAEA-83DA-A79FF6FB5DA0}.Debug|Any CPU.ActiveCfg = Debug|Any CPU
		{7FA5C6DD-8EBD-BAEA-83DA-A79FF6FB5DA0}.Debug|Any CPU.Build.0 = Debug|Any CPU
		{7FA5C6DD-8EBD-BAEA-83DA-A79FF6FB5DA0}.Release|Any CPU.ActiveCfg = Release|Any CPU
		{7FA5C6DD-8EBD-BAEA-83DA-A79FF6FB5DA0}.Release|Any CPU.Build.0 = Release|Any CPU
	EndGlobalSection
	GlobalSection(MonoDevelopProperties) = preSolution
		StartupItem = Assembly-CSharp.csproj
	EndGlobalSection
EndGlobal
