
Microsoft Visual Studio Solution File, Format Version 12.00
# Visual Studio 2015
Project("{FAE04EC0-301F-11D3-BF4B-00C04F79EFBC}") = "twinStickShooter.CSharp", "twinStickShooter.CSharp.csproj", "{DFFBEFC2-A34A-0EF9-C3ED-1EE22A2FE8CE}"
EndProject
Global
	GlobalSection(SolutionConfigurationPlatforms) = preSolution
		Debug|Any CPU = Debug|Any CPU
		Release|Any CPU = Release|Any CPU
	EndGlobalSection
	GlobalSection(ProjectConfigurationPlatforms) = postSolution
		{DFFBEFC2-A34A-0EF9-C3ED-1EE22A2FE8CE}.Debug|Any CPU.ActiveCfg = Debug|Any CPU
		{DFFBEFC2-A34A-0EF9-C3ED-1EE22A2FE8CE}.Debug|Any CPU.Build.0 = Debug|Any CPU
		{DFFBEFC2-A34A-0EF9-C3ED-1EE22A2FE8CE}.Release|Any CPU.ActiveCfg = Release|Any CPU
		{DFFBEFC2-A34A-0EF9-C3ED-1EE22A2FE8CE}.Release|Any CPU.Build.0 = Release|Any CPU
	EndGlobalSection
	GlobalSection(SolutionProperties) = preSolution
		HideSolutionNode = FALSE
	EndGlobalSection
EndGlobal
